{
    "version": 3,
    "terraform_version": "0.7.13",
    "serial": 6,
    "lineage": "cf188d0a-2275-43c7-a044-0fbdac20586c",
    "modules": [
        {
            "path": [
                "root"
            ],
            "outputs": {
                "awshosts": {
                    "sensitive": false,
                    "type": "list",
                    "value": [
                        "54.84.180.125"
                    ]
                }
            },
            "resources": {
                "aws_instance.web": {
                    "type": "aws_instance",
                    "depends_on": [
                        "aws_key_pair.ec2_key",
                        "aws_security_group.allow_all1",
                        "data.aws_ami.base_image"
                    ],
                    "primary": {
                        "id": "i-07b2c661ba477c17a",
                        "attributes": {
                            "ami": "ami-9c32358b",
                            "associate_public_ip_address": "true",
                            "availability_zone": "us-east-1b",
                            "disable_api_termination": "false",
                            "ebs_block_device.#": "0",
                            "ebs_optimized": "false",
                            "ephemeral_block_device.#": "0",
                            "iam_instance_profile": "",
                            "id": "i-07b2c661ba477c17a",
                            "instance_state": "running",
                            "instance_type": "t1.micro",
                            "key_name": "abc",
                            "monitoring": "false",
                            "network_interface_id": "eni-44360dba",
                            "private_dns": "ip-172-31-59-213.ec2.internal",
                            "private_ip": "172.31.59.213",
                            "public_dns": "ec2-54-84-180-125.compute-1.amazonaws.com",
                            "public_ip": "54.84.180.125",
                            "root_block_device.#": "1",
                            "root_block_device.0.delete_on_termination": "true",
                            "root_block_device.0.iops": "0",
                            "root_block_device.0.volume_size": "8",
                            "root_block_device.0.volume_type": "standard",
                            "security_groups.#": "0",
                            "source_dest_check": "true",
                            "subnet_id": "subnet-ea3e36c0",
                            "tags.%": "1",
                            "tags.Name": "Ashish_test",
                            "tenancy": "default",
                            "vpc_security_group_ids.#": "1",
                            "vpc_security_group_ids.3438521782": "sg-239dc25e"
                        },
                        "meta": {
                            "schema_version": "1"
                        },
                        "tainted": false
                    },
                    "deposed": [],
                    "provider": ""
                },
                "aws_key_pair.ec2_key": {
                    "type": "aws_key_pair",
                    "depends_on": [],
                    "primary": {
                        "id": "abc",
                        "attributes": {
                            "fingerprint": "67:b2:81:06:64:39:3a:3a:1d:18:cc:74:9f:b9:ea:78",
                            "id": "abc",
                            "key_name": "abc",
                            "public_key": "ssh-rsa AAAAB3NzaC1yc2EAAAADAQABAAABAQDcOWsXb1HMX8bI0hNgXIf2//w9JbXKfA37GcHj4r46JkDmoT+lsktpSFtn9t2t2hxRgkXcIvbpEbgeo8TbegI6enfYvTaTZ6B76j583dm6YEs87DcGRMFC4AecOZ4BPI+y1+yT74PmSAWrquvSCF2LTxSoIPOS4FUEpzi4Znx50XFrR+n6qnRY7N8oBt19ptAPcsvJFRNJ/YJP/j4MZe3SoP1RYm1RnGVVl8CH1C5c+1mDh52oGyQ/f5qx+eBmFyxhX5+vImP53MZmJhiaV9MIOeCQ/QKFq6CYNo9W7ZZfgdzH5e+usnYMRrxmdAGjc9YL7GvFLbWbABfO4iU8TBEr"
                        },
                        "meta": {
                            "schema_version": "1"
                        },
                        "tainted": false
                    },
                    "deposed": [],
                    "provider": ""
                },
                "aws_security_group.allow_all1": {
                    "type": "aws_security_group",
                    "depends_on": [],
                    "primary": {
                        "id": "sg-239dc25e",
                        "attributes": {
                            "description": "Allow all inbound traffic",
                            "egress.#": "1",
                            "egress.2541437006.cidr_blocks.#": "1",
                            "egress.2541437006.cidr_blocks.0": "0.0.0.0/0",
                            "egress.2541437006.from_port": "22",
                            "egress.2541437006.prefix_list_ids.#": "0",
                            "egress.2541437006.protocol": "tcp",
                            "egress.2541437006.security_groups.#": "0",
                            "egress.2541437006.self": "false",
                            "egress.2541437006.to_port": "22",
                            "id": "sg-239dc25e",
                            "ingress.#": "1",
                            "ingress.2541437006.cidr_blocks.#": "1",
                            "ingress.2541437006.cidr_blocks.0": "0.0.0.0/0",
                            "ingress.2541437006.from_port": "22",
                            "ingress.2541437006.protocol": "tcp",
                            "ingress.2541437006.security_groups.#": "0",
                            "ingress.2541437006.self": "false",
                            "ingress.2541437006.to_port": "22",
                            "name": "allow_all1",
                            "owner_id": "180479476912",
                            "tags.%": "0",
                            "vpc_id": "vpc-47c4b520"
                        },
                        "meta": {},
                        "tainted": false
                    },
                    "deposed": [],
                    "provider": ""
                },
                "data.aws_ami.base_image": {
                    "type": "aws_ami",
                    "depends_on": [],
                    "primary": {
                        "id": "ami-9c32358b",
                        "attributes": {
                            "architecture": "x86_64",
                            "block_device_mappings.#": "2",
                            "block_device_mappings.1634610537.device_name": "/dev/sdb",
                            "block_device_mappings.1634610537.ebs.%": "0",
                            "block_device_mappings.1634610537.no_device": "",
                            "block_device_mappings.1634610537.virtual_name": "ephemeral0",
                            "block_device_mappings.4184906282.device_name": "/dev/sda1",
                            "block_device_mappings.4184906282.ebs.%": "6",
                            "block_device_mappings.4184906282.ebs.delete_on_termination": "true",
                            "block_device_mappings.4184906282.ebs.encrypted": "false",
                            "block_device_mappings.4184906282.ebs.iops": "0",
                            "block_device_mappings.4184906282.ebs.snapshot_id": "snap-20ce6fab",
                            "block_device_mappings.4184906282.ebs.volume_size": "8",
                            "block_device_mappings.4184906282.ebs.volume_type": "standard",
                            "block_device_mappings.4184906282.no_device": "",
                            "block_device_mappings.4184906282.virtual_name": "",
                            "creation_date": "2016-12-06T13:48:25.000Z",
                            "filter.#": "1",
                            "filter.4206401101.name": "name",
                            "filter.4206401101.values.#": "1",
                            "filter.4206401101.values.0": "ubuntu/images/ebs/ubuntu-trusty-14.04-amd64-server-*",
                            "hypervisor": "xen",
                            "id": "ami-9c32358b",
                            "image_id": "ami-9c32358b",
                            "image_location": "099720109477/ubuntu/images/ebs/ubuntu-trusty-14.04-amd64-server-20161205",
                            "image_type": "machine",
                            "kernel_id": "aki-919dcaf8",
                            "most_recent": "true",
                            "name": "ubuntu/images/ebs/ubuntu-trusty-14.04-amd64-server-20161205",
                            "owner_id": "099720109477",
                            "product_codes.#": "0",
                            "public": "true",
                            "root_device_name": "/dev/sda1",
                            "root_device_type": "ebs",
                            "state": "available",
                            "state_reason.%": "2",
                            "state_reason.code": "UNSET",
                            "state_reason.message": "UNSET",
                            "tags.#": "0",
                            "virtualization_type": "paravirtual"
                        },
                        "meta": {},
                        "tainted": false
                    },
                    "deposed": [],
                    "provider": ""
                }
            },
            "depends_on": []
        }
    ]
}
